
Microsoft Visual Studio Solution File, Format Version 12.00
# Visual Studio Version 17
VisualStudioVersion = 17.5.002.0
MinimumVisualStudioVersion = 10.0.40219.1
Project("{9A19103F-16F7-4668-BE54-9A1E7A4F7556}") = "MediaInformationSystem", "MediaInformationSystem.csproj", "{46D82090-F76A-49DB-8543-A13F00ED5456}"
EndProject
Global
	GlobalSection(SolutionConfigurationPlatforms) = preSolution
		Debug|Any CPU = Debug|Any CPU
		Release|Any CPU = Release|Any CPU
	EndGlobalSection
	GlobalSection(ProjectConfigurationPlatforms) = postSolution
		{46D82090-F76A-49DB-8543-A13F00ED5456}.Debug|Any CPU.ActiveCfg = Debug|Any CPU
		{46D82090-F76A-49DB-8543-A13F00ED5456}.Debug|Any CPU.Build.0 = Debug|Any CPU
		{46D82090-F76A-49DB-8543-A13F00ED5456}.Release|Any CPU.ActiveCfg = Release|Any CPU
		{46D82090-F76A-49DB-8543-A13F00ED5456}.Release|Any CPU.Build.0 = Release|Any CPU
	EndGlobalSection
	GlobalSection(SolutionProperties) = preSolution
		HideSolutionNode = FALSE
	EndGlobalSection
	GlobalSection(ExtensibilityGlobals) = postSolution
		SolutionGuid = {BD283512-BE4D-4607-A700-DD91DCC0AD35}
	EndGlobalSection
EndGlobal
